
Microsoft Visual Studio Solution File, Format Version 12.00
# Visual Studio Version 17
VisualStudioVersion = 17.1.32210.238
MinimumVisualStudioVersion = 10.0.40219.1
Project("{FAE04EC0-301F-11D3-BF4B-00C04F79EFBC}") = "PferderennenII", "PferderennenII.csproj", "{A7A82E29-BE68-463C-90C9-A212C820BCDC}"
EndProject
Global
	GlobalSection(SolutionConfigurationPlatforms) = preSolution
		Debug|Any CPU = Debug|Any CPU
		Release|Any CPU = Release|Any CPU
	EndGlobalSection
	GlobalSection(ProjectConfigurationPlatforms) = postSolution
		{A7A82E29-BE68-463C-90C9-A212C820BCDC}.Debug|Any CPU.ActiveCfg = Debug|Any CPU
		{A7A82E29-BE68-463C-90C9-A212C820BCDC}.Debug|Any CPU.Build.0 = Debug|Any CPU
		{A7A82E29-BE68-463C-90C9-A212C820BCDC}.Release|Any CPU.ActiveCfg = Release|Any CPU
		{A7A82E29-BE68-463C-90C9-A212C820BCDC}.Release|Any CPU.Build.0 = Release|Any CPU
	EndGlobalSection
	GlobalSection(SolutionProperties) = preSolution
		HideSolutionNode = FALSE
	EndGlobalSection
	GlobalSection(ExtensibilityGlobals) = postSolution
		SolutionGuid = {3F482CB5-CBFD-46F5-9247-5F2F1AC6A65B}
	EndGlobalSection
EndGlobal
